
Microsoft Visual Studio Solution File, Format Version 12.00
# Visual Studio Version 16
VisualStudioVersion = 16.0.31025.194
MinimumVisualStudioVersion = 10.0.40219.1
Project("{FAE04EC0-301F-11D3-BF4B-00C04F79EFBC}") = "CamelCase", "CamelCase\CamelCase.csproj", "{1D997ED3-F502-48CB-A4AE-60E701EE09C8}"
EndProject
Project("{FAE04EC0-301F-11D3-BF4B-00C04F79EFBC}") = "CamelCase.Tests", "CamelCase.Tests\CamelCase.Tests.csproj", "{7EE650E0-0AA8-4049-9879-A69225D279A6}"
EndProject
Global
	GlobalSection(SolutionConfigurationPlatforms) = preSolution
		Debug|Any CPU = Debug|Any CPU
		Release|Any CPU = Release|Any CPU
	EndGlobalSection
	GlobalSection(ProjectConfigurationPlatforms) = postSolution
		{1D997ED3-F502-48CB-A4AE-60E701EE09C8}.Debug|Any CPU.ActiveCfg = Debug|Any CPU
		{1D997ED3-F502-48CB-A4AE-60E701EE09C8}.Debug|Any CPU.Build.0 = Debug|Any CPU
		{1D997ED3-F502-48CB-A4AE-60E701EE09C8}.Release|Any CPU.ActiveCfg = Release|Any CPU
		{1D997ED3-F502-48CB-A4AE-60E701EE09C8}.Release|Any CPU.Build.0 = Release|Any CPU
		{7EE650E0-0AA8-4049-9879-A69225D279A6}.Debug|Any CPU.ActiveCfg = Debug|Any CPU
		{7EE650E0-0AA8-4049-9879-A69225D279A6}.Debug|Any CPU.Build.0 = Debug|Any CPU
		{7EE650E0-0AA8-4049-9879-A69225D279A6}.Release|Any CPU.ActiveCfg = Release|Any CPU
		{7EE650E0-0AA8-4049-9879-A69225D279A6}.Release|Any CPU.Build.0 = Release|Any CPU
	EndGlobalSection
	GlobalSection(SolutionProperties) = preSolution
		HideSolutionNode = FALSE
	EndGlobalSection
	GlobalSection(ExtensibilityGlobals) = postSolution
		SolutionGuid = {AA6FD2DA-E517-45C7-AE42-7EB8C9AEA472}
	EndGlobalSection
EndGlobal
